{
  "name": "ai-interview-copilot",
  "lockfileVersion": 3,
  "requires": true,
  "packages": {
    "": {
      "dependencies": {
        "groq-sdk": "^1.4.0"
      }
    },
    "node_modules/groq-sdk": {
      "version": "1.4.0",
      "resolved": "https://registry.npmjs.org/groq-sdk/-/groq-sdk-1.4.0.tgz",
      "integrity": "sha512-4EAmBWlt5SNVyhKWqVPns9marmWYbtYO4kkE0u34NW3+GlVQ5d/JJ0sJRg/rOsqmVispCD3bK/EykH3zC1AeUQ==",
      "license": "Apache-2.0",
      "bin": {
        "groq-sdk": "bin/cli"
      }
    }
  }
}
